
Microsoft Visual Studio Solution File, Format Version 12.00
# Visual Studio 14
VisualStudioVersion = 14.0.25420.1
MinimumVisualStudioVersion = 10.0.40219.1
Project("{8BC9CEB8-8B4A-11D0-8D11-00A0C91BC942}") = "ntestdlg", "ntestdlg\ntestdlg.vcxproj", "{16FE497B-DC12-44F7-972A-D6E5FA13095C}"
EndProject
Project("{8BC9CEB8-8B4A-11D0-8D11-00A0C91BC942}") = "mfcbasic", "mfcbasic\mfcbasic.vcxproj", "{66D334FA-564C-4580-99C6-D629C97DC920}"
EndProject
Project("{8BC9CEB8-8B4A-11D0-8D11-00A0C91BC942}") = "ntestmfc", "ntestmfc\ntestmfc.vcxproj", "{1DC9F2C1-D475-42C8-889E-7B9F8B32157B}"
	ProjectSection(ProjectDependencies) = postProject
		{66D334FA-564C-4580-99C6-D629C97DC920} = {66D334FA-564C-4580-99C6-D629C97DC920}
	EndProjectSection
EndProject
Global
	GlobalSection(SolutionConfigurationPlatforms) = preSolution
		Debug|x64 = Debug|x64
		Debug|x86 = Debug|x86
		Release|x64 = Release|x64
		Release|x86 = Release|x86
	EndGlobalSection
	GlobalSection(ProjectConfigurationPlatforms) = postSolution
		{16FE497B-DC12-44F7-972A-D6E5FA13095C}.Debug|x64.ActiveCfg = Debug|x64
		{16FE497B-DC12-44F7-972A-D6E5FA13095C}.Debug|x64.Build.0 = Debug|x64
		{16FE497B-DC12-44F7-972A-D6E5FA13095C}.Debug|x86.ActiveCfg = Debug|Win32
		{16FE497B-DC12-44F7-972A-D6E5FA13095C}.Debug|x86.Build.0 = Debug|Win32
		{16FE497B-DC12-44F7-972A-D6E5FA13095C}.Release|x64.ActiveCfg = Release|x64
		{16FE497B-DC12-44F7-972A-D6E5FA13095C}.Release|x64.Build.0 = Release|x64
		{16FE497B-DC12-44F7-972A-D6E5FA13095C}.Release|x86.ActiveCfg = Release|Win32
		{16FE497B-DC12-44F7-972A-D6E5FA13095C}.Release|x86.Build.0 = Release|Win32
		{66D334FA-564C-4580-99C6-D629C97DC920}.Debug|x64.ActiveCfg = Debug|x64
		{66D334FA-564C-4580-99C6-D629C97DC920}.Debug|x64.Build.0 = Debug|x64
		{66D334FA-564C-4580-99C6-D629C97DC920}.Debug|x86.ActiveCfg = Debug|Win32
		{66D334FA-564C-4580-99C6-D629C97DC920}.Debug|x86.Build.0 = Debug|Win32
		{66D334FA-564C-4580-99C6-D629C97DC920}.Release|x64.ActiveCfg = Release|x64
		{66D334FA-564C-4580-99C6-D629C97DC920}.Release|x64.Build.0 = Release|x64
		{66D334FA-564C-4580-99C6-D629C97DC920}.Release|x86.ActiveCfg = Release|Win32
		{66D334FA-564C-4580-99C6-D629C97DC920}.Release|x86.Build.0 = Release|Win32
		{1DC9F2C1-D475-42C8-889E-7B9F8B32157B}.Debug|x64.ActiveCfg = Debug|x64
		{1DC9F2C1-D475-42C8-889E-7B9F8B32157B}.Debug|x64.Build.0 = Debug|x64
		{1DC9F2C1-D475-42C8-889E-7B9F8B32157B}.Debug|x86.ActiveCfg = Debug|Win32
		{1DC9F2C1-D475-42C8-889E-7B9F8B32157B}.Debug|x86.Build.0 = Debug|Win32
		{1DC9F2C1-D475-42C8-889E-7B9F8B32157B}.Release|x64.ActiveCfg = Release|x64
		{1DC9F2C1-D475-42C8-889E-7B9F8B32157B}.Release|x64.Build.0 = Release|x64
		{1DC9F2C1-D475-42C8-889E-7B9F8B32157B}.Release|x86.ActiveCfg = Release|Win32
		{1DC9F2C1-D475-42C8-889E-7B9F8B32157B}.Release|x86.Build.0 = Release|Win32
	EndGlobalSection
	GlobalSection(SolutionProperties) = preSolution
		HideSolutionNode = FALSE
	EndGlobalSection
EndGlobal
