
Microsoft Visual Studio Solution File, Format Version 12.00
# Visual Studio 14
VisualStudioVersion = 14.0.25420.1
MinimumVisualStudioVersion = 10.0.40219.1
Project("{8BC9CEB8-8B4A-11D0-8D11-00A0C91BC942}") = "nicetest", "nicetest\nicetest.vcxproj", "{14333002-E13F-4843-9782-BEC478F3651C}"
	ProjectSection(ProjectDependencies) = postProject
		{801F9726-3D1E-4304-91AF-A3E33807C224} = {801F9726-3D1E-4304-91AF-A3E33807C224}
		{2323882D-B539-4161-8D83-74B4912325DB} = {2323882D-B539-4161-8D83-74B4912325DB}
		{9124E573-D87B-400A-AD16-952E9549E06A} = {9124E573-D87B-400A-AD16-952E9549E06A}
		{311988C6-FF4C-4022-8AE0-E15A4CBC9D95} = {311988C6-FF4C-4022-8AE0-E15A4CBC9D95}
	EndProjectSection
EndProject
Project("{8BC9CEB8-8B4A-11D0-8D11-00A0C91BC942}") = "ntestboost", "ntestboost\ntestboost.vcxproj", "{801F9726-3D1E-4304-91AF-A3E33807C224}"
	ProjectSection(ProjectDependencies) = postProject
		{2323882D-B539-4161-8D83-74B4912325DB} = {2323882D-B539-4161-8D83-74B4912325DB}
		{9124E573-D87B-400A-AD16-952E9549E06A} = {9124E573-D87B-400A-AD16-952E9549E06A}
	EndProjectSection
EndProject
Project("{8BC9CEB8-8B4A-11D0-8D11-00A0C91BC942}") = "ntestbasic", "ntestbasic\ntestbasic.vcxproj", "{2323882D-B539-4161-8D83-74B4912325DB}"
	ProjectSection(ProjectDependencies) = postProject
		{9124E573-D87B-400A-AD16-952E9549E06A} = {9124E573-D87B-400A-AD16-952E9549E06A}
	EndProjectSection
EndProject
Project("{8BC9CEB8-8B4A-11D0-8D11-00A0C91BC942}") = "nteststd", "nteststd\nteststd.vcxproj", "{311988C6-FF4C-4022-8AE0-E15A4CBC9D95}"
	ProjectSection(ProjectDependencies) = postProject
		{9124E573-D87B-400A-AD16-952E9549E06A} = {9124E573-D87B-400A-AD16-952E9549E06A}
	EndProjectSection
EndProject
Project("{8BC9CEB8-8B4A-11D0-8D11-00A0C91BC942}") = "nicebasic", "nicebasic\nicebasic.vcxproj", "{9124E573-D87B-400A-AD16-952E9549E06A}"
EndProject
Global
	GlobalSection(SolutionConfigurationPlatforms) = preSolution
		DbgVC9|Any CPU = DbgVC9|Any CPU
		DbgVC9|x64 = DbgVC9|x64
		DbgVC9|x86 = DbgVC9|x86
		Debug|Any CPU = Debug|Any CPU
		Debug|x64 = Debug|x64
		Debug|x86 = Debug|x86
		Release|Any CPU = Release|Any CPU
		Release|x64 = Release|x64
		Release|x86 = Release|x86
		RelVC9|Any CPU = RelVC9|Any CPU
		RelVC9|x64 = RelVC9|x64
		RelVC9|x86 = RelVC9|x86
	EndGlobalSection
	GlobalSection(ProjectConfigurationPlatforms) = postSolution
		{14333002-E13F-4843-9782-BEC478F3651C}.DbgVC9|Any CPU.ActiveCfg = DbgVC9|Win32
		{14333002-E13F-4843-9782-BEC478F3651C}.DbgVC9|x64.ActiveCfg = DbgVC9|x64
		{14333002-E13F-4843-9782-BEC478F3651C}.DbgVC9|x64.Build.0 = DbgVC9|x64
		{14333002-E13F-4843-9782-BEC478F3651C}.DbgVC9|x86.ActiveCfg = DbgVC9|Win32
		{14333002-E13F-4843-9782-BEC478F3651C}.DbgVC9|x86.Build.0 = DbgVC9|Win32
		{14333002-E13F-4843-9782-BEC478F3651C}.Debug|Any CPU.ActiveCfg = Debug|Win32
		{14333002-E13F-4843-9782-BEC478F3651C}.Debug|x64.ActiveCfg = Debug|x64
		{14333002-E13F-4843-9782-BEC478F3651C}.Debug|x64.Build.0 = Debug|x64
		{14333002-E13F-4843-9782-BEC478F3651C}.Debug|x86.ActiveCfg = Debug|Win32
		{14333002-E13F-4843-9782-BEC478F3651C}.Debug|x86.Build.0 = Debug|Win32
		{14333002-E13F-4843-9782-BEC478F3651C}.Release|Any CPU.ActiveCfg = Release|Win32
		{14333002-E13F-4843-9782-BEC478F3651C}.Release|x64.ActiveCfg = Release|x64
		{14333002-E13F-4843-9782-BEC478F3651C}.Release|x64.Build.0 = Release|x64
		{14333002-E13F-4843-9782-BEC478F3651C}.Release|x86.ActiveCfg = Release|Win32
		{14333002-E13F-4843-9782-BEC478F3651C}.Release|x86.Build.0 = Release|Win32
		{14333002-E13F-4843-9782-BEC478F3651C}.RelVC9|Any CPU.ActiveCfg = RelVC9|Win32
		{14333002-E13F-4843-9782-BEC478F3651C}.RelVC9|x64.ActiveCfg = RelVC9|x64
		{14333002-E13F-4843-9782-BEC478F3651C}.RelVC9|x64.Build.0 = RelVC9|x64
		{14333002-E13F-4843-9782-BEC478F3651C}.RelVC9|x86.ActiveCfg = RelVC9|Win32
		{14333002-E13F-4843-9782-BEC478F3651C}.RelVC9|x86.Build.0 = RelVC9|Win32
		{801F9726-3D1E-4304-91AF-A3E33807C224}.DbgVC9|Any CPU.ActiveCfg = DbgVC9|Win32
		{801F9726-3D1E-4304-91AF-A3E33807C224}.DbgVC9|x64.ActiveCfg = DbgVC9|x64
		{801F9726-3D1E-4304-91AF-A3E33807C224}.DbgVC9|x64.Build.0 = DbgVC9|x64
		{801F9726-3D1E-4304-91AF-A3E33807C224}.DbgVC9|x86.ActiveCfg = DbgVC9|Win32
		{801F9726-3D1E-4304-91AF-A3E33807C224}.DbgVC9|x86.Build.0 = DbgVC9|Win32
		{801F9726-3D1E-4304-91AF-A3E33807C224}.Debug|Any CPU.ActiveCfg = Debug|Win32
		{801F9726-3D1E-4304-91AF-A3E33807C224}.Debug|x64.ActiveCfg = Debug|x64
		{801F9726-3D1E-4304-91AF-A3E33807C224}.Debug|x64.Build.0 = Debug|x64
		{801F9726-3D1E-4304-91AF-A3E33807C224}.Debug|x86.ActiveCfg = Debug|Win32
		{801F9726-3D1E-4304-91AF-A3E33807C224}.Debug|x86.Build.0 = Debug|Win32
		{801F9726-3D1E-4304-91AF-A3E33807C224}.Release|Any CPU.ActiveCfg = Release|Win32
		{801F9726-3D1E-4304-91AF-A3E33807C224}.Release|x64.ActiveCfg = Release|x64
		{801F9726-3D1E-4304-91AF-A3E33807C224}.Release|x64.Build.0 = Release|x64
		{801F9726-3D1E-4304-91AF-A3E33807C224}.Release|x86.ActiveCfg = Release|Win32
		{801F9726-3D1E-4304-91AF-A3E33807C224}.Release|x86.Build.0 = Release|Win32
		{801F9726-3D1E-4304-91AF-A3E33807C224}.RelVC9|Any CPU.ActiveCfg = RelVC9|Win32
		{801F9726-3D1E-4304-91AF-A3E33807C224}.RelVC9|x64.ActiveCfg = RelVC9|x64
		{801F9726-3D1E-4304-91AF-A3E33807C224}.RelVC9|x64.Build.0 = RelVC9|x64
		{801F9726-3D1E-4304-91AF-A3E33807C224}.RelVC9|x86.ActiveCfg = RelVC9|Win32
		{801F9726-3D1E-4304-91AF-A3E33807C224}.RelVC9|x86.Build.0 = RelVC9|Win32
		{2323882D-B539-4161-8D83-74B4912325DB}.DbgVC9|Any CPU.ActiveCfg = DbgVC9|Win32
		{2323882D-B539-4161-8D83-74B4912325DB}.DbgVC9|x64.ActiveCfg = DbgVC9|x64
		{2323882D-B539-4161-8D83-74B4912325DB}.DbgVC9|x64.Build.0 = DbgVC9|x64
		{2323882D-B539-4161-8D83-74B4912325DB}.DbgVC9|x86.ActiveCfg = DbgVC9|Win32
		{2323882D-B539-4161-8D83-74B4912325DB}.DbgVC9|x86.Build.0 = DbgVC9|Win32
		{2323882D-B539-4161-8D83-74B4912325DB}.Debug|Any CPU.ActiveCfg = Debug|Win32
		{2323882D-B539-4161-8D83-74B4912325DB}.Debug|x64.ActiveCfg = Debug|x64
		{2323882D-B539-4161-8D83-74B4912325DB}.Debug|x64.Build.0 = Debug|x64
		{2323882D-B539-4161-8D83-74B4912325DB}.Debug|x86.ActiveCfg = Debug|Win32
		{2323882D-B539-4161-8D83-74B4912325DB}.Debug|x86.Build.0 = Debug|Win32
		{2323882D-B539-4161-8D83-74B4912325DB}.Release|Any CPU.ActiveCfg = Release|Win32
		{2323882D-B539-4161-8D83-74B4912325DB}.Release|x64.ActiveCfg = Release|x64
		{2323882D-B539-4161-8D83-74B4912325DB}.Release|x64.Build.0 = Release|x64
		{2323882D-B539-4161-8D83-74B4912325DB}.Release|x86.ActiveCfg = Release|Win32
		{2323882D-B539-4161-8D83-74B4912325DB}.Release|x86.Build.0 = Release|Win32
		{2323882D-B539-4161-8D83-74B4912325DB}.RelVC9|Any CPU.ActiveCfg = RelVC9|Win32
		{2323882D-B539-4161-8D83-74B4912325DB}.RelVC9|x64.ActiveCfg = RelVC9|x64
		{2323882D-B539-4161-8D83-74B4912325DB}.RelVC9|x64.Build.0 = RelVC9|x64
		{2323882D-B539-4161-8D83-74B4912325DB}.RelVC9|x86.ActiveCfg = RelVC9|Win32
		{2323882D-B539-4161-8D83-74B4912325DB}.RelVC9|x86.Build.0 = RelVC9|Win32
		{311988C6-FF4C-4022-8AE0-E15A4CBC9D95}.DbgVC9|Any CPU.ActiveCfg = DbgVC9|Win32
		{311988C6-FF4C-4022-8AE0-E15A4CBC9D95}.DbgVC9|x64.ActiveCfg = DbgVC9|x64
		{311988C6-FF4C-4022-8AE0-E15A4CBC9D95}.DbgVC9|x64.Build.0 = DbgVC9|x64
		{311988C6-FF4C-4022-8AE0-E15A4CBC9D95}.DbgVC9|x86.ActiveCfg = DbgVC9|Win32
		{311988C6-FF4C-4022-8AE0-E15A4CBC9D95}.DbgVC9|x86.Build.0 = DbgVC9|Win32
		{311988C6-FF4C-4022-8AE0-E15A4CBC9D95}.Debug|Any CPU.ActiveCfg = Debug|Win32
		{311988C6-FF4C-4022-8AE0-E15A4CBC9D95}.Debug|x64.ActiveCfg = Debug|x64
		{311988C6-FF4C-4022-8AE0-E15A4CBC9D95}.Debug|x64.Build.0 = Debug|x64
		{311988C6-FF4C-4022-8AE0-E15A4CBC9D95}.Debug|x86.ActiveCfg = Debug|Win32
		{311988C6-FF4C-4022-8AE0-E15A4CBC9D95}.Debug|x86.Build.0 = Debug|Win32
		{311988C6-FF4C-4022-8AE0-E15A4CBC9D95}.Release|Any CPU.ActiveCfg = Release|Win32
		{311988C6-FF4C-4022-8AE0-E15A4CBC9D95}.Release|x64.ActiveCfg = Release|x64
		{311988C6-FF4C-4022-8AE0-E15A4CBC9D95}.Release|x64.Build.0 = Release|x64
		{311988C6-FF4C-4022-8AE0-E15A4CBC9D95}.Release|x86.ActiveCfg = Release|Win32
		{311988C6-FF4C-4022-8AE0-E15A4CBC9D95}.Release|x86.Build.0 = Release|Win32
		{311988C6-FF4C-4022-8AE0-E15A4CBC9D95}.RelVC9|Any CPU.ActiveCfg = RelVC9|Win32
		{311988C6-FF4C-4022-8AE0-E15A4CBC9D95}.RelVC9|x64.ActiveCfg = RelVC9|x64
		{311988C6-FF4C-4022-8AE0-E15A4CBC9D95}.RelVC9|x64.Build.0 = RelVC9|x64
		{311988C6-FF4C-4022-8AE0-E15A4CBC9D95}.RelVC9|x86.ActiveCfg = RelVC9|Win32
		{311988C6-FF4C-4022-8AE0-E15A4CBC9D95}.RelVC9|x86.Build.0 = RelVC9|Win32
		{9124E573-D87B-400A-AD16-952E9549E06A}.DbgVC9|Any CPU.ActiveCfg = DbgVC9|Win32
		{9124E573-D87B-400A-AD16-952E9549E06A}.DbgVC9|x64.ActiveCfg = DbgVC9|x64
		{9124E573-D87B-400A-AD16-952E9549E06A}.DbgVC9|x64.Build.0 = DbgVC9|x64
		{9124E573-D87B-400A-AD16-952E9549E06A}.DbgVC9|x86.ActiveCfg = DbgVC9|Win32
		{9124E573-D87B-400A-AD16-952E9549E06A}.DbgVC9|x86.Build.0 = DbgVC9|Win32
		{9124E573-D87B-400A-AD16-952E9549E06A}.Debug|Any CPU.ActiveCfg = Debug|Win32
		{9124E573-D87B-400A-AD16-952E9549E06A}.Debug|x64.ActiveCfg = Debug|x64
		{9124E573-D87B-400A-AD16-952E9549E06A}.Debug|x64.Build.0 = Debug|x64
		{9124E573-D87B-400A-AD16-952E9549E06A}.Debug|x86.ActiveCfg = Debug|Win32
		{9124E573-D87B-400A-AD16-952E9549E06A}.Debug|x86.Build.0 = Debug|Win32
		{9124E573-D87B-400A-AD16-952E9549E06A}.Release|Any CPU.ActiveCfg = Release|Win32
		{9124E573-D87B-400A-AD16-952E9549E06A}.Release|x64.ActiveCfg = Release|x64
		{9124E573-D87B-400A-AD16-952E9549E06A}.Release|x64.Build.0 = Release|x64
		{9124E573-D87B-400A-AD16-952E9549E06A}.Release|x86.ActiveCfg = Release|Win32
		{9124E573-D87B-400A-AD16-952E9549E06A}.Release|x86.Build.0 = Release|Win32
		{9124E573-D87B-400A-AD16-952E9549E06A}.RelVC9|Any CPU.ActiveCfg = RelVC9|Win32
		{9124E573-D87B-400A-AD16-952E9549E06A}.RelVC9|x64.ActiveCfg = RelVC9|x64
		{9124E573-D87B-400A-AD16-952E9549E06A}.RelVC9|x64.Build.0 = RelVC9|x64
		{9124E573-D87B-400A-AD16-952E9549E06A}.RelVC9|x86.ActiveCfg = RelVC9|Win32
		{9124E573-D87B-400A-AD16-952E9549E06A}.RelVC9|x86.Build.0 = RelVC9|Win32
	EndGlobalSection
	GlobalSection(SolutionProperties) = preSolution
		HideSolutionNode = FALSE
	EndGlobalSection
EndGlobal
