<?xml version="1.0" encoding="utf-8"?>
<Project ToolsVersion="4.0" xmlns="http://schemas.microsoft.com/developer/msbuild/2003">
  <ItemGroup>
    <ClCompile Include="nvariant.cpp" />
    <ClCompile Include="stdafx.cpp" />
    <ClCompile Include="testConsole.cpp" />
  </ItemGroup>
  <ItemGroup>
    <ClInclude Include="nicebasicInc.h" />
    <ClInclude Include="nvariant.h" />
    <ClInclude Include="Pointer.h" />
    <ClInclude Include="stdafx.h" />
    <ClInclude Include="targetver.h" />
    <ClInclude Include="testConsole.h" />
  </ItemGroup>
  <ItemGroup>
    <Text Include="ReadMe.txt" />
  </ItemGroup>
</Project>