<?xml version="1.0" encoding="utf-8"?>
<Project ToolsVersion="4.0" xmlns="http://schemas.microsoft.com/developer/msbuild/2003">
  <ItemGroup>
    <ClCompile Include="ntest.cpp" />
    <ClCompile Include="ntestmfc.cpp" />
    <ClCompile Include="stdafx.cpp" />
    <ClCompile Include="TestCString.cpp" />
    <ClCompile Include="TestNet.cpp" />
    <ClCompile Include="TestWnd.cpp" />
    <ClCompile Include="TestWinReg.cpp" />
    <ClCompile Include="CRegistry.cpp" />
    <ClCompile Include="TestEnablePrivileges.cpp" />
    <ClCompile Include="EnablePrivilege.cpp" />
    <ClCompile Include="CMyTimer.cpp" />
    <ClCompile Include="TestOnTimer.cpp" />
  </ItemGroup>
  <ItemGroup>
    <ClInclude Include="ntest.h" />
    <ClInclude Include="stdafx.h" />
    <ClInclude Include="targetver.h" />
    <ClInclude Include="CRegistry.h" />
    <ClInclude Include="EnablePrivilege.h" />
    <ClInclude Include="CMyTimer.h" />
  </ItemGroup>
  <ItemGroup>
    <Text Include="ReadMe.txt" />
  </ItemGroup>
</Project>